
Microsoft Visual Studio Solution File, Format Version 12.00
Project("{FAE04EC0-301F-11D3-BF4B-00C04F79EFBC}") = "SimpleSocket", "SimpleSocket\SimpleSocket.csproj", "{FB813E17-B8AF-4F90-8922-03CEF690C922}"
EndProject
Project("{FAE04EC0-301F-11D3-BF4B-00C04F79EFBC}") = "SimpleClient", "SimpleClient\SimpleClient.csproj", "{F5EADFBF-CF88-468F-A6E8-2D4281286255}"
EndProject
Global
	GlobalSection(SolutionConfigurationPlatforms) = preSolution
		Debug|Any CPU = Debug|Any CPU
		Release|Any CPU = Release|Any CPU
	EndGlobalSection
	GlobalSection(ProjectConfigurationPlatforms) = postSolution
		{FB813E17-B8AF-4F90-8922-03CEF690C922}.Debug|Any CPU.ActiveCfg = Debug|Any CPU
		{FB813E17-B8AF-4F90-8922-03CEF690C922}.Debug|Any CPU.Build.0 = Debug|Any CPU
		{FB813E17-B8AF-4F90-8922-03CEF690C922}.Release|Any CPU.ActiveCfg = Release|Any CPU
		{FB813E17-B8AF-4F90-8922-03CEF690C922}.Release|Any CPU.Build.0 = Release|Any CPU
		{F5EADFBF-CF88-468F-A6E8-2D4281286255}.Debug|Any CPU.ActiveCfg = Debug|Any CPU
		{F5EADFBF-CF88-468F-A6E8-2D4281286255}.Debug|Any CPU.Build.0 = Debug|Any CPU
		{F5EADFBF-CF88-468F-A6E8-2D4281286255}.Release|Any CPU.ActiveCfg = Release|Any CPU
		{F5EADFBF-CF88-468F-A6E8-2D4281286255}.Release|Any CPU.Build.0 = Release|Any CPU
	EndGlobalSection
EndGlobal
